
Microsoft Visual Studio Solution File, Format Version 12.00
# Visual Studio Version 17
VisualStudioVersion = 17.3.32929.385
MinimumVisualStudioVersion = 10.0.40219.1
Project("{FAE04EC0-301F-11D3-BF4B-00C04F79EFBC}") = "FooBoo", "FooBoo\FooBoo.csproj", "{63721AF8-B63F-43B8-9579-B8D032EF2473}"
EndProject
Project("{FAE04EC0-301F-11D3-BF4B-00C04F79EFBC}") = "FooBoo.Tests.Unit", "FooBoo.Tests.Unit\FooBoo.Tests.Unit.csproj", "{0020D0DC-FF4D-448C-B013-20AFE069D717}"
EndProject
Global
	GlobalSection(SolutionConfigurationPlatforms) = preSolution
		Debug|Any CPU = Debug|Any CPU
		Release|Any CPU = Release|Any CPU
	EndGlobalSection
	GlobalSection(ProjectConfigurationPlatforms) = postSolution
		{63721AF8-B63F-43B8-9579-B8D032EF2473}.Debug|Any CPU.ActiveCfg = Debug|Any CPU
		{63721AF8-B63F-43B8-9579-B8D032EF2473}.Debug|Any CPU.Build.0 = Debug|Any CPU
		{63721AF8-B63F-43B8-9579-B8D032EF2473}.Release|Any CPU.ActiveCfg = Release|Any CPU
		{63721AF8-B63F-43B8-9579-B8D032EF2473}.Release|Any CPU.Build.0 = Release|Any CPU
		{0020D0DC-FF4D-448C-B013-20AFE069D717}.Debug|Any CPU.ActiveCfg = Debug|Any CPU
		{0020D0DC-FF4D-448C-B013-20AFE069D717}.Debug|Any CPU.Build.0 = Debug|Any CPU
		{0020D0DC-FF4D-448C-B013-20AFE069D717}.Release|Any CPU.ActiveCfg = Release|Any CPU
		{0020D0DC-FF4D-448C-B013-20AFE069D717}.Release|Any CPU.Build.0 = Release|Any CPU
	EndGlobalSection
	GlobalSection(SolutionProperties) = preSolution
		HideSolutionNode = FALSE
	EndGlobalSection
	GlobalSection(ExtensibilityGlobals) = postSolution
		SolutionGuid = {1E30D75E-1072-4059-BDC4-C1B381B8753E}
	EndGlobalSection
EndGlobal
